
Microsoft Visual Studio Solution File, Format Version 12.00
# Visual Studio 2017
Project("{FAE04EC0-301F-11D3-BF4B-00C04F79EFBC}") = "Multiplayer Shooter.Plugins", "Multiplayer Shooter.Plugins.csproj", "{A45C3CCB-EC1A-B934-D983-C522D6959B62}"
EndProject
Global
	GlobalSection(SolutionConfigurationPlatforms) = preSolution
		Debug|Any CPU = Debug|Any CPU
		Release|Any CPU = Release|Any CPU
	EndGlobalSection
	GlobalSection(ProjectConfigurationPlatforms) = postSolution
		{A45C3CCB-EC1A-B934-D983-C522D6959B62}.Debug|Any CPU.ActiveCfg = Debug|Any CPU
		{A45C3CCB-EC1A-B934-D983-C522D6959B62}.Debug|Any CPU.Build.0 = Debug|Any CPU
		{A45C3CCB-EC1A-B934-D983-C522D6959B62}.Release|Any CPU.ActiveCfg = Release|Any CPU
		{A45C3CCB-EC1A-B934-D983-C522D6959B62}.Release|Any CPU.Build.0 = Release|Any CPU
	EndGlobalSection
	GlobalSection(SolutionProperties) = preSolution
		HideSolutionNode = FALSE
	EndGlobalSection
EndGlobal
